{
  "pins" : [
    {
      "identity" : "asyncextensions",
      "kind" : "remoteSourceControl",
      "location" : "https://github.com/lhoward/AsyncExtensions",
      "state" : {
        "branch" : "linux",
        "revision" : "2218eaa30dbdb39b063e92644fc28ed22e2cb942"
      }
    },
    {
      "identity" : "ioringswift",
      "kind" : "remoteSourceControl",
      "location" : "https://github.com/PADL/IORingSwift.git",
      "state" : {
        "branch" : "main",
        "revision" : "c81938a7f34fa35f7f10b00ddb0569c88e27d67f"
      }
    },
    {
      "identity" : "swift-async-algorithms",
      "kind" : "remoteSourceControl",
      "location" : "https://github.com/apple/swift-async-algorithms",
      "state" : {
        "revision" : "9cfed92b026c524674ed869a4ff2dcfdeedf8a2a",
        "version" : "0.1.0"
      }
    },
    {
      "identity" : "swift-async-queue",
      "kind" : "remoteSourceControl",
      "location" : "https://github.com/dfed/swift-async-queue",
      "state" : {
        "revision" : "2ae35d8ffb077e35c04db339f4db5fe8767bb7f7",
        "version" : "0.5.1"
      }
    },
    {
      "identity" : "swift-collections",
      "kind" : "remoteSourceControl",
      "location" : "https://github.com/apple/swift-collections.git",
      "state" : {
        "revision" : "d029d9d39c87bed85b1c50adee7c41795261a192",
        "version" : "1.0.6"
      }
    },
    {
      "identity" : "swiftio",
      "kind" : "remoteSourceControl",
      "location" : "https://github.com/madmachineio/SwiftIO",
      "state" : {
        "branch" : "main",
        "revision" : "3641c4c4e1a0d0aa73435991665cddb1e6dcdfa5"
      }
    }
  ],
  "version" : 2
}
